
Microsoft Visual Studio Solution File, Format Version 12.00
# Visual Studio Version 17
VisualStudioVersion = 17.9.34902.65
MinimumVisualStudioVersion = 10.0.40219.1
Project("{FAE04EC0-301F-11D3-BF4B-00C04F79EFBC}") = "StudentCertificatePortal_API", "StudentCertificatePortal_API\StudentCertificatePortal_API.csproj", "{5EE6C898-AC53-4BE0-846E-4958356EC326}"
EndProject
Project("{FAE04EC0-301F-11D3-BF4B-00C04F79EFBC}") = "StudentCertificatePortal_Repository", "StudentCertificatePortal_Repository\StudentCertificatePortal_Repository.csproj", "{1350D311-1E95-4F34-9186-41CB010C6E00}"
EndProject
Project("{FAE04EC0-301F-11D3-BF4B-00C04F79EFBC}") = "StudentCertificatePortal_Data", "StudentCertificatePortal_Data\StudentCertificatePortal_Data.csproj", "{6648856D-8132-41F3-8258-095C45D40601}"
EndProject
Global
	GlobalSection(SolutionConfigurationPlatforms) = preSolution
		Debug|Any CPU = Debug|Any CPU
		Release|Any CPU = Release|Any CPU
	EndGlobalSection
	GlobalSection(ProjectConfigurationPlatforms) = postSolution
		{5EE6C898-AC53-4BE0-846E-4958356EC326}.Debug|Any CPU.ActiveCfg = Debug|Any CPU
		{5EE6C898-AC53-4BE0-846E-4958356EC326}.Debug|Any CPU.Build.0 = Debug|Any CPU
		{5EE6C898-AC53-4BE0-846E-4958356EC326}.Release|Any CPU.ActiveCfg = Release|Any CPU
		{5EE6C898-AC53-4BE0-846E-4958356EC326}.Release|Any CPU.Build.0 = Release|Any CPU
		{1350D311-1E95-4F34-9186-41CB010C6E00}.Debug|Any CPU.ActiveCfg = Debug|Any CPU
		{1350D311-1E95-4F34-9186-41CB010C6E00}.Debug|Any CPU.Build.0 = Debug|Any CPU
		{1350D311-1E95-4F34-9186-41CB010C6E00}.Release|Any CPU.ActiveCfg = Release|Any CPU
		{1350D311-1E95-4F34-9186-41CB010C6E00}.Release|Any CPU.Build.0 = Release|Any CPU
		{6648856D-8132-41F3-8258-095C45D40601}.Debug|Any CPU.ActiveCfg = Debug|Any CPU
		{6648856D-8132-41F3-8258-095C45D40601}.Debug|Any CPU.Build.0 = Debug|Any CPU
		{6648856D-8132-41F3-8258-095C45D40601}.Release|Any CPU.ActiveCfg = Release|Any CPU
		{6648856D-8132-41F3-8258-095C45D40601}.Release|Any CPU.Build.0 = Release|Any CPU
	EndGlobalSection
	GlobalSection(SolutionProperties) = preSolution
		HideSolutionNode = FALSE
	EndGlobalSection
	GlobalSection(ExtensibilityGlobals) = postSolution
		SolutionGuid = {F5DEF88E-F059-4473-8946-F321FDF6A434}
	EndGlobalSection
EndGlobal
